
Microsoft Visual Studio Solution File, Format Version 12.00
# Visual Studio 14
VisualStudioVersion = 14.0.24720.0
MinimumVisualStudioVersion = 10.0.40219.1
Project("{FAE04EC0-301F-11D3-BF4B-00C04F79EFBC}") = "FibonacciSequence", "FibonacciSequence\FibonacciSequence.csproj", "{C589C8CF-5818-437E-A7DA-D936674A5FA3}"
EndProject
Project("{FAE04EC0-301F-11D3-BF4B-00C04F79EFBC}") = "FibonacciSequence.Tests", "FibonacciSequence.Tests\FibonacciSequence.Tests.csproj", "{45720D54-EDEE-459E-AC90-EDAF96BF3124}"
EndProject
Project("{2150E333-8FDC-42A3-9474-1A3956D46DE8}") = "Fibonacci", "Fibonacci", "{A704E0C3-9BB0-4359-9078-BB9D979BF06E}"
EndProject
Project("{2150E333-8FDC-42A3-9474-1A3956D46DE8}") = "CustomGenericQueue", "CustomGenericQueue", "{9435ACE8-954B-4892-A72C-F8BD709D2687}"
EndProject
Project("{FAE04EC0-301F-11D3-BF4B-00C04F79EFBC}") = "CustomQueue", "CustomQueue\CustomQueue.csproj", "{803DFAD3-FB3D-43DE-AEAD-15BF398CB3D3}"
EndProject
Project("{2150E333-8FDC-42A3-9474-1A3956D46DE8}") = "CustomSet", "CustomSet", "{4D5F7275-E23B-4855-B0DC-DB7E957D518D}"
EndProject
Project("{FAE04EC0-301F-11D3-BF4B-00C04F79EFBC}") = "CustomSet", "CustomSet\CustomSet.csproj", "{4441B4E8-5818-4195-8CB3-82996627B47E}"
EndProject
Project("{2150E333-8FDC-42A3-9474-1A3956D46DE8}") = "BinaryTree", "BinaryTree", "{9D32A7A1-A967-4D22-895E-49DFDD2A470A}"
EndProject
Project("{FAE04EC0-301F-11D3-BF4B-00C04F79EFBC}") = "Matrix", "Matrix\Matrix.csproj", "{27A87BA6-F02D-48E3-BB37-634CCCE6A638}"
EndProject
Project("{FAE04EC0-301F-11D3-BF4B-00C04F79EFBC}") = "BinaryTreeNode", "BinaryTreeNode\BinaryTreeNode.csproj", "{BA1FEDEF-36DF-487C-A121-A6FD8ACEFB72}"
EndProject
Project("{FAE04EC0-301F-11D3-BF4B-00C04F79EFBC}") = "BinaryTreeTestConsoleApplication", "BinaryTreeTestConsoleApplication\BinaryTreeTestConsoleApplication.csproj", "{DFF0A326-0881-4DCC-9712-097E2C3BF99D}"
EndProject
Project("{FAE04EC0-301F-11D3-BF4B-00C04F79EFBC}") = "Point2D", "Point2D\Point2D.csproj", "{453873B7-A894-4DD1-B6CA-4F67AFF92BCF}"
EndProject
Global
	GlobalSection(SolutionConfigurationPlatforms) = preSolution
		Debug|Any CPU = Debug|Any CPU
		Release|Any CPU = Release|Any CPU
	EndGlobalSection
	GlobalSection(ProjectConfigurationPlatforms) = postSolution
		{C589C8CF-5818-437E-A7DA-D936674A5FA3}.Debug|Any CPU.ActiveCfg = Debug|Any CPU
		{C589C8CF-5818-437E-A7DA-D936674A5FA3}.Debug|Any CPU.Build.0 = Debug|Any CPU
		{C589C8CF-5818-437E-A7DA-D936674A5FA3}.Release|Any CPU.ActiveCfg = Release|Any CPU
		{C589C8CF-5818-437E-A7DA-D936674A5FA3}.Release|Any CPU.Build.0 = Release|Any CPU
		{45720D54-EDEE-459E-AC90-EDAF96BF3124}.Debug|Any CPU.ActiveCfg = Debug|Any CPU
		{45720D54-EDEE-459E-AC90-EDAF96BF3124}.Debug|Any CPU.Build.0 = Debug|Any CPU
		{45720D54-EDEE-459E-AC90-EDAF96BF3124}.Release|Any CPU.ActiveCfg = Release|Any CPU
		{45720D54-EDEE-459E-AC90-EDAF96BF3124}.Release|Any CPU.Build.0 = Release|Any CPU
		{803DFAD3-FB3D-43DE-AEAD-15BF398CB3D3}.Debug|Any CPU.ActiveCfg = Debug|Any CPU
		{803DFAD3-FB3D-43DE-AEAD-15BF398CB3D3}.Debug|Any CPU.Build.0 = Debug|Any CPU
		{803DFAD3-FB3D-43DE-AEAD-15BF398CB3D3}.Release|Any CPU.ActiveCfg = Release|Any CPU
		{803DFAD3-FB3D-43DE-AEAD-15BF398CB3D3}.Release|Any CPU.Build.0 = Release|Any CPU
		{4441B4E8-5818-4195-8CB3-82996627B47E}.Debug|Any CPU.ActiveCfg = Debug|Any CPU
		{4441B4E8-5818-4195-8CB3-82996627B47E}.Debug|Any CPU.Build.0 = Debug|Any CPU
		{4441B4E8-5818-4195-8CB3-82996627B47E}.Release|Any CPU.ActiveCfg = Release|Any CPU
		{4441B4E8-5818-4195-8CB3-82996627B47E}.Release|Any CPU.Build.0 = Release|Any CPU
		{27A87BA6-F02D-48E3-BB37-634CCCE6A638}.Debug|Any CPU.ActiveCfg = Debug|Any CPU
		{27A87BA6-F02D-48E3-BB37-634CCCE6A638}.Debug|Any CPU.Build.0 = Debug|Any CPU
		{27A87BA6-F02D-48E3-BB37-634CCCE6A638}.Release|Any CPU.ActiveCfg = Release|Any CPU
		{27A87BA6-F02D-48E3-BB37-634CCCE6A638}.Release|Any CPU.Build.0 = Release|Any CPU
		{BA1FEDEF-36DF-487C-A121-A6FD8ACEFB72}.Debug|Any CPU.ActiveCfg = Debug|Any CPU
		{BA1FEDEF-36DF-487C-A121-A6FD8ACEFB72}.Debug|Any CPU.Build.0 = Debug|Any CPU
		{BA1FEDEF-36DF-487C-A121-A6FD8ACEFB72}.Release|Any CPU.ActiveCfg = Release|Any CPU
		{BA1FEDEF-36DF-487C-A121-A6FD8ACEFB72}.Release|Any CPU.Build.0 = Release|Any CPU
		{DFF0A326-0881-4DCC-9712-097E2C3BF99D}.Debug|Any CPU.ActiveCfg = Debug|Any CPU
		{DFF0A326-0881-4DCC-9712-097E2C3BF99D}.Debug|Any CPU.Build.0 = Debug|Any CPU
		{DFF0A326-0881-4DCC-9712-097E2C3BF99D}.Release|Any CPU.ActiveCfg = Release|Any CPU
		{DFF0A326-0881-4DCC-9712-097E2C3BF99D}.Release|Any CPU.Build.0 = Release|Any CPU
		{453873B7-A894-4DD1-B6CA-4F67AFF92BCF}.Debug|Any CPU.ActiveCfg = Debug|Any CPU
		{453873B7-A894-4DD1-B6CA-4F67AFF92BCF}.Debug|Any CPU.Build.0 = Debug|Any CPU
		{453873B7-A894-4DD1-B6CA-4F67AFF92BCF}.Release|Any CPU.ActiveCfg = Release|Any CPU
		{453873B7-A894-4DD1-B6CA-4F67AFF92BCF}.Release|Any CPU.Build.0 = Release|Any CPU
	EndGlobalSection
	GlobalSection(SolutionProperties) = preSolution
		HideSolutionNode = FALSE
	EndGlobalSection
	GlobalSection(NestedProjects) = preSolution
		{C589C8CF-5818-437E-A7DA-D936674A5FA3} = {A704E0C3-9BB0-4359-9078-BB9D979BF06E}
		{45720D54-EDEE-459E-AC90-EDAF96BF3124} = {A704E0C3-9BB0-4359-9078-BB9D979BF06E}
		{803DFAD3-FB3D-43DE-AEAD-15BF398CB3D3} = {9435ACE8-954B-4892-A72C-F8BD709D2687}
		{4441B4E8-5818-4195-8CB3-82996627B47E} = {4D5F7275-E23B-4855-B0DC-DB7E957D518D}
		{BA1FEDEF-36DF-487C-A121-A6FD8ACEFB72} = {9D32A7A1-A967-4D22-895E-49DFDD2A470A}
		{DFF0A326-0881-4DCC-9712-097E2C3BF99D} = {9D32A7A1-A967-4D22-895E-49DFDD2A470A}
		{453873B7-A894-4DD1-B6CA-4F67AFF92BCF} = {9D32A7A1-A967-4D22-895E-49DFDD2A470A}
	EndGlobalSection
EndGlobal
